
Microsoft Visual Studio Solution File, Format Version 10.00
# Visual Studio 2008
Project("{FAE04EC0-301F-11D3-BF4B-00C04F79EFBC}") = "出入院系统", "出入院系统\出入院系统.csproj", "{9DA15AED-E2AB-4270-9C9B-3F33E9C71FCD}"
EndProject
Global
	GlobalSection(SolutionConfigurationPlatforms) = preSolution
		Debug|Any CPU = Debug|Any CPU
		Release|Any CPU = Release|Any CPU
	EndGlobalSection
	GlobalSection(ProjectConfigurationPlatforms) = postSolution
		{9DA15AED-E2AB-4270-9C9B-3F33E9C71FCD}.Debug|Any CPU.ActiveCfg = Debug|Any CPU
		{9DA15AED-E2AB-4270-9C9B-3F33E9C71FCD}.Debug|Any CPU.Build.0 = Debug|Any CPU
		{9DA15AED-E2AB-4270-9C9B-3F33E9C71FCD}.Release|Any CPU.ActiveCfg = Release|Any CPU
		{9DA15AED-E2AB-4270-9C9B-3F33E9C71FCD}.Release|Any CPU.Build.0 = Release|Any CPU
	EndGlobalSection
	GlobalSection(SolutionProperties) = preSolution
		HideSolutionNode = FALSE
	EndGlobalSection
EndGlobal
